
Microsoft Visual Studio Solution File, Format Version 12.00
# Visual Studio 14
VisualStudioVersion = 14.0.25420.1
MinimumVisualStudioVersion = 10.0.40219.1
Project("{8BC9CEB8-8B4A-11D0-8D11-00A0C91BC942}") = "Capote", "Capote\Capote.vcxproj", "{679EB87B-633D-4192-A2A0-BF292C5448EE}"
EndProject
Project("{8BC9CEB8-8B4A-11D0-8D11-00A0C91BC942}") = "ConsoleCapote", "ConsoleCapote\ConsoleCapote.vcxproj", "{FC55AD12-87C4-4B7F-90E6-674C4CB552C5}"
EndProject
Project("{8BC9CEB8-8B4A-11D0-8D11-00A0C91BC942}") = "ManagedCaopte", "ManagedCaopte\ManagedCaopte.vcxproj", "{9DF38710-7518-4CD8-BF31-A1E369194E24}"
EndProject
Global
	GlobalSection(SolutionConfigurationPlatforms) = preSolution
		Debug|Win32 = Debug|Win32
		Release|Win32 = Release|Win32
	EndGlobalSection
	GlobalSection(ProjectConfigurationPlatforms) = postSolution
		{679EB87B-633D-4192-A2A0-BF292C5448EE}.Debug|Win32.ActiveCfg = Debug|Win32
		{679EB87B-633D-4192-A2A0-BF292C5448EE}.Debug|Win32.Build.0 = Debug|Win32
		{679EB87B-633D-4192-A2A0-BF292C5448EE}.Release|Win32.ActiveCfg = Release|Win32
		{679EB87B-633D-4192-A2A0-BF292C5448EE}.Release|Win32.Build.0 = Release|Win32
		{FC55AD12-87C4-4B7F-90E6-674C4CB552C5}.Debug|Win32.ActiveCfg = Debug|Win32
		{FC55AD12-87C4-4B7F-90E6-674C4CB552C5}.Debug|Win32.Build.0 = Debug|Win32
		{FC55AD12-87C4-4B7F-90E6-674C4CB552C5}.Release|Win32.ActiveCfg = Release|Win32
		{FC55AD12-87C4-4B7F-90E6-674C4CB552C5}.Release|Win32.Build.0 = Release|Win32
		{9DF38710-7518-4CD8-BF31-A1E369194E24}.Debug|Win32.ActiveCfg = Debug|Win32
		{9DF38710-7518-4CD8-BF31-A1E369194E24}.Debug|Win32.Build.0 = Debug|Win32
		{9DF38710-7518-4CD8-BF31-A1E369194E24}.Release|Win32.ActiveCfg = Release|Win32
		{9DF38710-7518-4CD8-BF31-A1E369194E24}.Release|Win32.Build.0 = Release|Win32
	EndGlobalSection
	GlobalSection(SolutionProperties) = preSolution
		HideSolutionNode = FALSE
	EndGlobalSection
EndGlobal
